
Microsoft Visual Studio Solution File, Format Version 12.00
# Visual Studio Version 17
VisualStudioVersion = 17.7.34031.279
MinimumVisualStudioVersion = 10.0.40219.1
Project("{FAE04EC0-301F-11D3-BF4B-00C04F79EFBC}") = "praktek 1", "praktek 1\praktek 1.csproj", "{4D3413A1-8C18-4040-A30A-9427D90749A3}"
EndProject
Global
	GlobalSection(SolutionConfigurationPlatforms) = preSolution
		Debug|Any CPU = Debug|Any CPU
		Release|Any CPU = Release|Any CPU
	EndGlobalSection
	GlobalSection(ProjectConfigurationPlatforms) = postSolution
		{4D3413A1-8C18-4040-A30A-9427D90749A3}.Debug|Any CPU.ActiveCfg = Debug|Any CPU
		{4D3413A1-8C18-4040-A30A-9427D90749A3}.Debug|Any CPU.Build.0 = Debug|Any CPU
		{4D3413A1-8C18-4040-A30A-9427D90749A3}.Release|Any CPU.ActiveCfg = Release|Any CPU
		{4D3413A1-8C18-4040-A30A-9427D90749A3}.Release|Any CPU.Build.0 = Release|Any CPU
	EndGlobalSection
	GlobalSection(SolutionProperties) = preSolution
		HideSolutionNode = FALSE
	EndGlobalSection
	GlobalSection(ExtensibilityGlobals) = postSolution
		SolutionGuid = {3D3F8075-2166-4C32-B916-2AFBA7698FEA}
	EndGlobalSection
EndGlobal
